{
	"name": "@react-rx/request",
	"version": "0.0.0",
	"lockfileVersion": 2,
	"requires": true,
	"packages": {
		"": {
			"name": "@react-rx/request",
			"version": "0.0.0",
			"license": "ISC",
			"dependencies": {
				"axios": "0.19.x"
			},
			"devDependencies": {
				"@types/axios": "0.14.0",
				"@types/axios-mock-adapter": "1.10.0",
				"@types/lodash": "4.14.138",
				"@types/react": "16.9.2",
				"@types/redux": "3.6.0",
				"axios-mock-adapter": "1.17.0"
			},
			"peerDependencies": {
				"lodash": ">=4.17.x",
				"react": ">=16.9.x",
				"redux": ">=4.0.x",
				"rxjs": ">=6.5.x"
			}
		},
		"node_modules/@types/axios": {
			"version": "0.14.0",
			"resolved": "https://registry.npmjs.org/@types/axios/-/axios-0.14.0.tgz",
			"integrity": "sha1-7CMA++fX3d1+udOr+HmZlkyvzkY=",
			"deprecated": "This is a stub types definition for axios (https://github.com/mzabriskie/axios). axios provides its own type definitions, so you don't need @types/axios installed!",
			"dev": true,
			"dependencies": {
				"axios": "*"
			}
		},
		"node_modules/@types/axios-mock-adapter": {
			"version": "1.10.0",
			"resolved": "https://registry.npmjs.org/@types/axios-mock-adapter/-/axios-mock-adapter-1.10.0.tgz",
			"integrity": "sha512-Govyvy3cr8hsR6DcCoBjVMQhYyzkHdfU/hMgBw6ONOFuTrZTDxdE/rBR7Sz3qsGtVZABSK8/2rDekp5UwZ/V8A==",
			"deprecated": "This is a stub types definition for axios-mock-adapter (https://github.com/ctimmerm/axios-mock-adapter). axios-mock-adapter provides its own type definitions, so you don't need @types/axios-mock-adapter installed!",
			"dev": true,
			"dependencies": {
				"axios-mock-adapter": "*"
			}
		},
		"node_modules/@types/lodash": {
			"version": "4.14.138",
			"resolved": "https://registry.npmjs.org/@types/lodash/-/lodash-4.14.138.tgz",
			"integrity": "sha512-A4uJgHz4hakwNBdHNPdxOTkYmXNgmUAKLbXZ7PKGslgeV0Mb8P3BlbYfPovExek1qnod4pDfRbxuzcVs3dlFLg==",
			"dev": true
		},
		"node_modules/@types/prop-types": {
			"version": "15.7.2",
			"resolved": "https://registry.npmjs.org/@types/prop-types/-/prop-types-15.7.2.tgz",
			"integrity": "sha512-f8JzJNWVhKtc9dg/dyDNfliTKNOJSLa7Oht/ElZdF/UbMUmAH3rLmAk3ODNjw0mZajDEgatA03tRjB4+Dp/tzA==",
			"dev": true
		},
		"node_modules/@types/react": {
			"version": "16.9.2",
			"resolved": "https://registry.npmjs.org/@types/react/-/react-16.9.2.tgz",
			"integrity": "sha512-jYP2LWwlh+FTqGd9v7ynUKZzjj98T8x7Yclz479QdRhHfuW9yQ+0jjnD31eXSXutmBpppj5PYNLYLRfnZJvcfg==",
			"dev": true,
			"dependencies": {
				"@types/prop-types": "*",
				"csstype": "^2.2.0"
			}
		},
		"node_modules/@types/redux": {
			"version": "3.6.0",
			"resolved": "https://registry.npmjs.org/@types/redux/-/redux-3.6.0.tgz",
			"integrity": "sha1-8evh5UEVGAcuT9/KXHbhbnTBOZo=",
			"deprecated": "This is a stub types definition for Redux (https://github.com/reactjs/redux). Redux provides its own type definitions, so you don't need @types/redux installed!",
			"dev": true,
			"dependencies": {
				"redux": "*"
			}
		},
		"node_modules/axios": {
			"version": "0.19.0",
			"resolved": "https://registry.npmjs.org/axios/-/axios-0.19.0.tgz",
			"integrity": "sha512-1uvKqKQta3KBxIz14F2v06AEHZ/dIoeKfbTRkK1E5oqjDnuEerLmYTgJB5AiQZHJcljpg1TuRzdjDR06qNk0DQ==",
			"deprecated": "Critical security vulnerability fixed in v0.21.1. For more information, see https://github.com/axios/axios/pull/3410",
			"dependencies": {
				"follow-redirects": "1.5.10",
				"is-buffer": "^2.0.2"
			}
		},
		"node_modules/axios-mock-adapter": {
			"version": "1.17.0",
			"resolved": "https://registry.npmjs.org/axios-mock-adapter/-/axios-mock-adapter-1.17.0.tgz",
			"integrity": "sha512-q3efmwJUOO4g+wsLNSk9Ps1UlJoF3fQ3FSEe4uEEhkRtu7SoiAVPj8R3Hc/WP55MBTVFzaDP9QkdJhdVhP8A1Q==",
			"dev": true,
			"dependencies": {
				"deep-equal": "^1.0.1"
			},
			"peerDependencies": {
				"axios": ">= 0.9.0"
			}
		},
		"node_modules/csstype": {
			"version": "2.6.6",
			"resolved": "https://registry.npmjs.org/csstype/-/csstype-2.6.6.tgz",
			"integrity": "sha512-RpFbQGUE74iyPgvr46U9t1xoQBM8T4BL8SxrN66Le2xYAPSaDJJKeztV3awugusb3g3G9iL8StmkBBXhcbbXhg==",
			"dev": true
		},
		"node_modules/debug": {
			"version": "3.1.0",
			"resolved": "https://registry.npmjs.org/debug/-/debug-3.1.0.tgz",
			"integrity": "sha512-OX8XqP7/1a9cqkxYw2yXss15f26NKWBpDXQd0/uK/KPqdQhxbPa994hnzjcE2VqQpDslf55723cKPUOGSmMY3g==",
			"dependencies": {
				"ms": "2.0.0"
			}
		},
		"node_modules/deep-equal": {
			"version": "1.1.0",
			"resolved": "https://registry.npmjs.org/deep-equal/-/deep-equal-1.1.0.tgz",
			"integrity": "sha512-ZbfWJq/wN1Z273o7mUSjILYqehAktR2NVoSrOukDkU9kg2v/Uv89yU4Cvz8seJeAmtN5oqiefKq8FPuXOboqLw==",
			"dev": true,
			"dependencies": {
				"is-arguments": "^1.0.4",
				"is-date-object": "^1.0.1",
				"is-regex": "^1.0.4",
				"object-is": "^1.0.1",
				"object-keys": "^1.1.1",
				"regexp.prototype.flags": "^1.2.0"
			}
		},
		"node_modules/define-properties": {
			"version": "1.1.3",
			"resolved": "https://registry.npmjs.org/define-properties/-/define-properties-1.1.3.tgz",
			"integrity": "sha512-3MqfYKj2lLzdMSf8ZIZE/V+Zuy+BgD6f164e8K2w7dgnpKArBDerGYpM46IYYcjnkdPNMjPk9A6VFB8+3SKlXQ==",
			"dev": true,
			"dependencies": {
				"object-keys": "^1.0.12"
			},
			"engines": {
				"node": ">= 0.4"
			}
		},
		"node_modules/follow-redirects": {
			"version": "1.5.10",
			"resolved": "https://registry.npmjs.org/follow-redirects/-/follow-redirects-1.5.10.tgz",
			"integrity": "sha512-0V5l4Cizzvqt5D44aTXbFZz+FtyXV1vrDN6qrelxtfYQKW0KO0W2T/hkE8xvGa/540LkZlkaUjO4ailYTFtHVQ==",
			"dependencies": {
				"debug": "=3.1.0"
			},
			"engines": {
				"node": ">=4.0"
			}
		},
		"node_modules/function-bind": {
			"version": "1.1.1",
			"resolved": "https://registry.npmjs.org/function-bind/-/function-bind-1.1.1.tgz",
			"integrity": "sha512-yIovAzMX49sF8Yl58fSCWJ5svSLuaibPxXQJFLmBObTuCr0Mf1KiPopGM9NiFjiYBCbfaa2Fh6breQ6ANVTI0A==",
			"dev": true
		},
		"node_modules/has": {
			"version": "1.0.3",
			"resolved": "https://registry.npmjs.org/has/-/has-1.0.3.tgz",
			"integrity": "sha512-f2dvO0VU6Oej7RkWJGrehjbzMAjFp5/VKPp5tTpWIV4JHHZK1/BxbFRtf/siA2SWTe09caDmVtYYzWEIbBS4zw==",
			"dev": true,
			"dependencies": {
				"function-bind": "^1.1.1"
			},
			"engines": {
				"node": ">= 0.4.0"
			}
		},
		"node_modules/is-arguments": {
			"version": "1.0.4",
			"resolved": "https://registry.npmjs.org/is-arguments/-/is-arguments-1.0.4.tgz",
			"integrity": "sha512-xPh0Rmt8NE65sNzvyUmWgI1tz3mKq74lGA0mL8LYZcoIzKOzDh6HmrYm3d18k60nHerC8A9Km8kYu87zfSFnLA==",
			"dev": true,
			"engines": {
				"node": ">= 0.4"
			}
		},
		"node_modules/is-buffer": {
			"version": "2.0.3",
			"resolved": "https://registry.npmjs.org/is-buffer/-/is-buffer-2.0.3.tgz",
			"integrity": "sha512-U15Q7MXTuZlrbymiz95PJpZxu8IlipAp4dtS3wOdgPXx3mqBnslrWU14kxfHB+Py/+2PVKSr37dMAgM2A4uArw==",
			"engines": {
				"node": ">=4"
			}
		},
		"node_modules/is-date-object": {
			"version": "1.0.1",
			"resolved": "https://registry.npmjs.org/is-date-object/-/is-date-object-1.0.1.tgz",
			"integrity": "sha1-mqIOtq7rv/d/vTPnTKAbM1gdOhY=",
			"dev": true,
			"engines": {
				"node": ">= 0.4"
			}
		},
		"node_modules/is-regex": {
			"version": "1.0.4",
			"resolved": "https://registry.npmjs.org/is-regex/-/is-regex-1.0.4.tgz",
			"integrity": "sha1-VRdIm1RwkbCTDglWVM7SXul+lJE=",
			"dev": true,
			"dependencies": {
				"has": "^1.0.1"
			},
			"engines": {
				"node": ">= 0.4"
			}
		},
		"node_modules/js-tokens": {
			"version": "4.0.0",
			"resolved": "https://registry.npmjs.org/js-tokens/-/js-tokens-4.0.0.tgz",
			"integrity": "sha512-RdJUflcE3cUzKiMqQgsCu06FPu9UdIJO0beYbPhHN4k6apgJtifcoCtT9bcxOpYBtpD2kCM6Sbzg4CausW/PKQ=="
		},
		"node_modules/lodash": {
			"version": "4.17.21",
			"resolved": "https://registry.npmjs.org/lodash/-/lodash-4.17.21.tgz",
			"integrity": "sha512-v2kDEe57lecTulaDIuNTPy3Ry4gLGJ6Z1O3vE1krgXZNrsQ+LFTGHVxVjcXPs17LhbZVGedAJv8XZ1tvj5FvSg==",
			"peer": true
		},
		"node_modules/loose-envify": {
			"version": "1.4.0",
			"resolved": "https://registry.npmjs.org/loose-envify/-/loose-envify-1.4.0.tgz",
			"integrity": "sha512-lyuxPGr/Wfhrlem2CL/UcnUc1zcqKAImBDzukY7Y5F/yQiNdko6+fRLevlw1HgMySw7f611UIY408EtxRSoK3Q==",
			"dependencies": {
				"js-tokens": "^3.0.0 || ^4.0.0"
			},
			"bin": {
				"loose-envify": "cli.js"
			}
		},
		"node_modules/ms": {
			"version": "2.0.0",
			"resolved": "https://registry.npmjs.org/ms/-/ms-2.0.0.tgz",
			"integrity": "sha1-VgiurfwAvmwpAd9fmGF4jeDVl8g="
		},
		"node_modules/object-is": {
			"version": "1.0.1",
			"resolved": "https://registry.npmjs.org/object-is/-/object-is-1.0.1.tgz",
			"integrity": "sha1-CqYOyZiaCz7Xlc9NBvYs8a1lObY=",
			"dev": true,
			"engines": {
				"node": ">= 0.4"
			}
		},
		"node_modules/object-keys": {
			"version": "1.1.1",
			"resolved": "https://registry.npmjs.org/object-keys/-/object-keys-1.1.1.tgz",
			"integrity": "sha512-NuAESUOUMrlIXOfHKzD6bpPu3tYt3xvjNdRIQ+FeT0lNb4K8WR70CaDxhuNguS2XG+GjkyMwOzsN5ZktImfhLA==",
			"dev": true,
			"engines": {
				"node": ">= 0.4"
			}
		},
		"node_modules/react": {
			"version": "18.2.0",
			"resolved": "https://registry.npmjs.org/react/-/react-18.2.0.tgz",
			"integrity": "sha512-/3IjMdb2L9QbBdWiW5e3P2/npwMBaU9mHCSCUzNln0ZCYbcfTsGbTJrU/kGemdH2IWmB2ioZ+zkxtmq6g09fGQ==",
			"peer": true,
			"dependencies": {
				"loose-envify": "^1.1.0"
			},
			"engines": {
				"node": ">=0.10.0"
			}
		},
		"node_modules/redux": {
			"version": "4.0.1",
			"resolved": "https://registry.npmjs.org/redux/-/redux-4.0.1.tgz",
			"integrity": "sha512-R7bAtSkk7nY6O/OYMVR9RiBI+XghjF9rlbl5806HJbQph0LJVHZrU5oaO4q70eUKiqMRqm4y07KLTlMZ2BlVmg==",
			"dependencies": {
				"loose-envify": "^1.4.0",
				"symbol-observable": "^1.2.0"
			}
		},
		"node_modules/regexp.prototype.flags": {
			"version": "1.2.0",
			"resolved": "https://registry.npmjs.org/regexp.prototype.flags/-/regexp.prototype.flags-1.2.0.tgz",
			"integrity": "sha512-ztaw4M1VqgMwl9HlPpOuiYgItcHlunW0He2fE6eNfT6E/CF2FtYi9ofOYe4mKntstYk0Fyh/rDRBdS3AnxjlrA==",
			"dev": true,
			"dependencies": {
				"define-properties": "^1.1.2"
			},
			"engines": {
				"node": ">= 0.4"
			}
		},
		"node_modules/rxjs": {
			"version": "7.5.6",
			"resolved": "https://registry.npmjs.org/rxjs/-/rxjs-7.5.6.tgz",
			"integrity": "sha512-dnyv2/YsXhnm461G+R/Pe5bWP41Nm6LBXEYWI6eiFP4fiwx6WRI/CD0zbdVAudd9xwLEF2IDcKXLHit0FYjUzw==",
			"peer": true,
			"dependencies": {
				"tslib": "^2.1.0"
			}
		},
		"node_modules/symbol-observable": {
			"version": "1.2.0",
			"resolved": "https://registry.npmjs.org/symbol-observable/-/symbol-observable-1.2.0.tgz",
			"integrity": "sha512-e900nM8RRtGhlV36KGEU9k65K3mPb1WV70OdjfxlG2EAuM1noi/E/BaW/uMhL7bPEssK8QV57vN3esixjUvcXQ==",
			"engines": {
				"node": ">=0.10.0"
			}
		},
		"node_modules/tslib": {
			"version": "2.4.0",
			"resolved": "https://registry.npmjs.org/tslib/-/tslib-2.4.0.tgz",
			"integrity": "sha512-d6xOpEDfsi2CZVlPQzGeux8XMwLT9hssAsaPYExaQMuYskwb+x1x7J371tWlbBdWHroy99KnVB6qIkUbs5X3UQ==",
			"peer": true
		}
	},
	"dependencies": {
		"@types/axios": {
			"version": "0.14.0",
			"resolved": "https://registry.npmjs.org/@types/axios/-/axios-0.14.0.tgz",
			"integrity": "sha1-7CMA++fX3d1+udOr+HmZlkyvzkY=",
			"dev": true,
			"requires": {
				"axios": "*"
			}
		},
		"@types/axios-mock-adapter": {
			"version": "1.10.0",
			"resolved": "https://registry.npmjs.org/@types/axios-mock-adapter/-/axios-mock-adapter-1.10.0.tgz",
			"integrity": "sha512-Govyvy3cr8hsR6DcCoBjVMQhYyzkHdfU/hMgBw6ONOFuTrZTDxdE/rBR7Sz3qsGtVZABSK8/2rDekp5UwZ/V8A==",
			"dev": true,
			"requires": {
				"axios-mock-adapter": "*"
			}
		},
		"@types/lodash": {
			"version": "4.14.138",
			"resolved": "https://registry.npmjs.org/@types/lodash/-/lodash-4.14.138.tgz",
			"integrity": "sha512-A4uJgHz4hakwNBdHNPdxOTkYmXNgmUAKLbXZ7PKGslgeV0Mb8P3BlbYfPovExek1qnod4pDfRbxuzcVs3dlFLg==",
			"dev": true
		},
		"@types/prop-types": {
			"version": "15.7.2",
			"resolved": "https://registry.npmjs.org/@types/prop-types/-/prop-types-15.7.2.tgz",
			"integrity": "sha512-f8JzJNWVhKtc9dg/dyDNfliTKNOJSLa7Oht/ElZdF/UbMUmAH3rLmAk3ODNjw0mZajDEgatA03tRjB4+Dp/tzA==",
			"dev": true
		},
		"@types/react": {
			"version": "16.9.2",
			"resolved": "https://registry.npmjs.org/@types/react/-/react-16.9.2.tgz",
			"integrity": "sha512-jYP2LWwlh+FTqGd9v7ynUKZzjj98T8x7Yclz479QdRhHfuW9yQ+0jjnD31eXSXutmBpppj5PYNLYLRfnZJvcfg==",
			"dev": true,
			"requires": {
				"@types/prop-types": "*",
				"csstype": "^2.2.0"
			}
		},
		"@types/redux": {
			"version": "3.6.0",
			"resolved": "https://registry.npmjs.org/@types/redux/-/redux-3.6.0.tgz",
			"integrity": "sha1-8evh5UEVGAcuT9/KXHbhbnTBOZo=",
			"dev": true,
			"requires": {
				"redux": "*"
			}
		},
		"axios": {
			"version": "0.19.0",
			"resolved": "https://registry.npmjs.org/axios/-/axios-0.19.0.tgz",
			"integrity": "sha512-1uvKqKQta3KBxIz14F2v06AEHZ/dIoeKfbTRkK1E5oqjDnuEerLmYTgJB5AiQZHJcljpg1TuRzdjDR06qNk0DQ==",
			"requires": {
				"follow-redirects": "1.5.10",
				"is-buffer": "^2.0.2"
			}
		},
		"axios-mock-adapter": {
			"version": "1.17.0",
			"resolved": "https://registry.npmjs.org/axios-mock-adapter/-/axios-mock-adapter-1.17.0.tgz",
			"integrity": "sha512-q3efmwJUOO4g+wsLNSk9Ps1UlJoF3fQ3FSEe4uEEhkRtu7SoiAVPj8R3Hc/WP55MBTVFzaDP9QkdJhdVhP8A1Q==",
			"dev": true,
			"requires": {
				"deep-equal": "^1.0.1"
			}
		},
		"csstype": {
			"version": "2.6.6",
			"resolved": "https://registry.npmjs.org/csstype/-/csstype-2.6.6.tgz",
			"integrity": "sha512-RpFbQGUE74iyPgvr46U9t1xoQBM8T4BL8SxrN66Le2xYAPSaDJJKeztV3awugusb3g3G9iL8StmkBBXhcbbXhg==",
			"dev": true
		},
		"debug": {
			"version": "3.1.0",
			"resolved": "https://registry.npmjs.org/debug/-/debug-3.1.0.tgz",
			"integrity": "sha512-OX8XqP7/1a9cqkxYw2yXss15f26NKWBpDXQd0/uK/KPqdQhxbPa994hnzjcE2VqQpDslf55723cKPUOGSmMY3g==",
			"requires": {
				"ms": "2.0.0"
			}
		},
		"deep-equal": {
			"version": "1.1.0",
			"resolved": "https://registry.npmjs.org/deep-equal/-/deep-equal-1.1.0.tgz",
			"integrity": "sha512-ZbfWJq/wN1Z273o7mUSjILYqehAktR2NVoSrOukDkU9kg2v/Uv89yU4Cvz8seJeAmtN5oqiefKq8FPuXOboqLw==",
			"dev": true,
			"requires": {
				"is-arguments": "^1.0.4",
				"is-date-object": "^1.0.1",
				"is-regex": "^1.0.4",
				"object-is": "^1.0.1",
				"object-keys": "^1.1.1",
				"regexp.prototype.flags": "^1.2.0"
			}
		},
		"define-properties": {
			"version": "1.1.3",
			"resolved": "https://registry.npmjs.org/define-properties/-/define-properties-1.1.3.tgz",
			"integrity": "sha512-3MqfYKj2lLzdMSf8ZIZE/V+Zuy+BgD6f164e8K2w7dgnpKArBDerGYpM46IYYcjnkdPNMjPk9A6VFB8+3SKlXQ==",
			"dev": true,
			"requires": {
				"object-keys": "^1.0.12"
			}
		},
		"follow-redirects": {
			"version": "1.5.10",
			"resolved": "https://registry.npmjs.org/follow-redirects/-/follow-redirects-1.5.10.tgz",
			"integrity": "sha512-0V5l4Cizzvqt5D44aTXbFZz+FtyXV1vrDN6qrelxtfYQKW0KO0W2T/hkE8xvGa/540LkZlkaUjO4ailYTFtHVQ==",
			"requires": {
				"debug": "=3.1.0"
			}
		},
		"function-bind": {
			"version": "1.1.1",
			"resolved": "https://registry.npmjs.org/function-bind/-/function-bind-1.1.1.tgz",
			"integrity": "sha512-yIovAzMX49sF8Yl58fSCWJ5svSLuaibPxXQJFLmBObTuCr0Mf1KiPopGM9NiFjiYBCbfaa2Fh6breQ6ANVTI0A==",
			"dev": true
		},
		"has": {
			"version": "1.0.3",
			"resolved": "https://registry.npmjs.org/has/-/has-1.0.3.tgz",
			"integrity": "sha512-f2dvO0VU6Oej7RkWJGrehjbzMAjFp5/VKPp5tTpWIV4JHHZK1/BxbFRtf/siA2SWTe09caDmVtYYzWEIbBS4zw==",
			"dev": true,
			"requires": {
				"function-bind": "^1.1.1"
			}
		},
		"is-arguments": {
			"version": "1.0.4",
			"resolved": "https://registry.npmjs.org/is-arguments/-/is-arguments-1.0.4.tgz",
			"integrity": "sha512-xPh0Rmt8NE65sNzvyUmWgI1tz3mKq74lGA0mL8LYZcoIzKOzDh6HmrYm3d18k60nHerC8A9Km8kYu87zfSFnLA==",
			"dev": true
		},
		"is-buffer": {
			"version": "2.0.3",
			"resolved": "https://registry.npmjs.org/is-buffer/-/is-buffer-2.0.3.tgz",
			"integrity": "sha512-U15Q7MXTuZlrbymiz95PJpZxu8IlipAp4dtS3wOdgPXx3mqBnslrWU14kxfHB+Py/+2PVKSr37dMAgM2A4uArw=="
		},
		"is-date-object": {
			"version": "1.0.1",
			"resolved": "https://registry.npmjs.org/is-date-object/-/is-date-object-1.0.1.tgz",
			"integrity": "sha1-mqIOtq7rv/d/vTPnTKAbM1gdOhY=",
			"dev": true
		},
		"is-regex": {
			"version": "1.0.4",
			"resolved": "https://registry.npmjs.org/is-regex/-/is-regex-1.0.4.tgz",
			"integrity": "sha1-VRdIm1RwkbCTDglWVM7SXul+lJE=",
			"dev": true,
			"requires": {
				"has": "^1.0.1"
			}
		},
		"js-tokens": {
			"version": "4.0.0",
			"resolved": "https://registry.npmjs.org/js-tokens/-/js-tokens-4.0.0.tgz",
			"integrity": "sha512-RdJUflcE3cUzKiMqQgsCu06FPu9UdIJO0beYbPhHN4k6apgJtifcoCtT9bcxOpYBtpD2kCM6Sbzg4CausW/PKQ=="
		},
		"lodash": {
			"version": "4.17.21",
			"resolved": "https://registry.npmjs.org/lodash/-/lodash-4.17.21.tgz",
			"integrity": "sha512-v2kDEe57lecTulaDIuNTPy3Ry4gLGJ6Z1O3vE1krgXZNrsQ+LFTGHVxVjcXPs17LhbZVGedAJv8XZ1tvj5FvSg==",
			"peer": true
		},
		"loose-envify": {
			"version": "1.4.0",
			"resolved": "https://registry.npmjs.org/loose-envify/-/loose-envify-1.4.0.tgz",
			"integrity": "sha512-lyuxPGr/Wfhrlem2CL/UcnUc1zcqKAImBDzukY7Y5F/yQiNdko6+fRLevlw1HgMySw7f611UIY408EtxRSoK3Q==",
			"requires": {
				"js-tokens": "^3.0.0 || ^4.0.0"
			}
		},
		"ms": {
			"version": "2.0.0",
			"resolved": "https://registry.npmjs.org/ms/-/ms-2.0.0.tgz",
			"integrity": "sha1-VgiurfwAvmwpAd9fmGF4jeDVl8g="
		},
		"object-is": {
			"version": "1.0.1",
			"resolved": "https://registry.npmjs.org/object-is/-/object-is-1.0.1.tgz",
			"integrity": "sha1-CqYOyZiaCz7Xlc9NBvYs8a1lObY=",
			"dev": true
		},
		"object-keys": {
			"version": "1.1.1",
			"resolved": "https://registry.npmjs.org/object-keys/-/object-keys-1.1.1.tgz",
			"integrity": "sha512-NuAESUOUMrlIXOfHKzD6bpPu3tYt3xvjNdRIQ+FeT0lNb4K8WR70CaDxhuNguS2XG+GjkyMwOzsN5ZktImfhLA==",
			"dev": true
		},
		"react": {
			"version": "18.2.0",
			"resolved": "https://registry.npmjs.org/react/-/react-18.2.0.tgz",
			"integrity": "sha512-/3IjMdb2L9QbBdWiW5e3P2/npwMBaU9mHCSCUzNln0ZCYbcfTsGbTJrU/kGemdH2IWmB2ioZ+zkxtmq6g09fGQ==",
			"peer": true,
			"requires": {
				"loose-envify": "^1.1.0"
			}
		},
		"redux": {
			"version": "4.0.1",
			"resolved": "https://registry.npmjs.org/redux/-/redux-4.0.1.tgz",
			"integrity": "sha512-R7bAtSkk7nY6O/OYMVR9RiBI+XghjF9rlbl5806HJbQph0LJVHZrU5oaO4q70eUKiqMRqm4y07KLTlMZ2BlVmg==",
			"requires": {
				"loose-envify": "^1.4.0",
				"symbol-observable": "^1.2.0"
			}
		},
		"regexp.prototype.flags": {
			"version": "1.2.0",
			"resolved": "https://registry.npmjs.org/regexp.prototype.flags/-/regexp.prototype.flags-1.2.0.tgz",
			"integrity": "sha512-ztaw4M1VqgMwl9HlPpOuiYgItcHlunW0He2fE6eNfT6E/CF2FtYi9ofOYe4mKntstYk0Fyh/rDRBdS3AnxjlrA==",
			"dev": true,
			"requires": {
				"define-properties": "^1.1.2"
			}
		},
		"rxjs": {
			"version": "7.5.6",
			"resolved": "https://registry.npmjs.org/rxjs/-/rxjs-7.5.6.tgz",
			"integrity": "sha512-dnyv2/YsXhnm461G+R/Pe5bWP41Nm6LBXEYWI6eiFP4fiwx6WRI/CD0zbdVAudd9xwLEF2IDcKXLHit0FYjUzw==",
			"peer": true,
			"requires": {
				"tslib": "^2.1.0"
			}
		},
		"symbol-observable": {
			"version": "1.2.0",
			"resolved": "https://registry.npmjs.org/symbol-observable/-/symbol-observable-1.2.0.tgz",
			"integrity": "sha512-e900nM8RRtGhlV36KGEU9k65K3mPb1WV70OdjfxlG2EAuM1noi/E/BaW/uMhL7bPEssK8QV57vN3esixjUvcXQ=="
		},
		"tslib": {
			"version": "2.4.0",
			"resolved": "https://registry.npmjs.org/tslib/-/tslib-2.4.0.tgz",
			"integrity": "sha512-d6xOpEDfsi2CZVlPQzGeux8XMwLT9hssAsaPYExaQMuYskwb+x1x7J371tWlbBdWHroy99KnVB6qIkUbs5X3UQ==",
			"peer": true
		}
	}
}
